
Microsoft Visual Studio Solution File, Format Version 12.00
# Visual Studio Version 16
VisualStudioVersion = 16.0.30320.27
MinimumVisualStudioVersion = 10.0.40219.1
Project("{FAE04EC0-301F-11D3-BF4B-00C04F79EFBC}") = "0-9MNIST", "0-9MNIST\0-9MNIST.csproj", "{99BFED9B-9058-4B7F-84B0-FCDD07E87383}"
EndProject
Global
	GlobalSection(SolutionConfigurationPlatforms) = preSolution
		Debug|Any CPU = Debug|Any CPU
		Release|Any CPU = Release|Any CPU
	EndGlobalSection
	GlobalSection(ProjectConfigurationPlatforms) = postSolution
		{99BFED9B-9058-4B7F-84B0-FCDD07E87383}.Debug|Any CPU.ActiveCfg = Debug|Any CPU
		{99BFED9B-9058-4B7F-84B0-FCDD07E87383}.Debug|Any CPU.Build.0 = Debug|Any CPU
		{99BFED9B-9058-4B7F-84B0-FCDD07E87383}.Release|Any CPU.ActiveCfg = Release|Any CPU
		{99BFED9B-9058-4B7F-84B0-FCDD07E87383}.Release|Any CPU.Build.0 = Release|Any CPU
	EndGlobalSection
	GlobalSection(SolutionProperties) = preSolution
		HideSolutionNode = FALSE
	EndGlobalSection
	GlobalSection(ExtensibilityGlobals) = postSolution
		SolutionGuid = {CB22C453-1284-44A4-B846-E0A3358A0A8F}
	EndGlobalSection
EndGlobal
